[root]
name = "vcpkg_cli"
version = "0.2.1"
dependencies = [
 "clap 2.24.2 (registry+https://github.com/rust-lang/crates.io-index)",
 "vcpkg 0.2.2",
]

[[package]]
name = "ansi_term"
version = "0.9.0"
source = "registry+https://github.com/rust-lang/crates.io-index"

[[package]]
name = "atty"
version = "0.2.2"
source = "registry+https://github.com/rust-lang/crates.io-index"
dependencies = [
 "kernel32-sys 0.2.2 (registry+https://github.com/rust-lang/crates.io-index)",
 "libc 0.2.23 (registry+https://github.com/rust-lang/crates.io-index)",
 "winapi 0.2.8 (registry+https://github.com/rust-lang/crates.io-index)",
]

[[package]]
name = "bitflags"
version = "0.8.2"
source = "registry+https://github.com/rust-lang/crates.io-index"

[[package]]
name = "clap"
version = "2.24.2"
source = "registry+https://github.com/rust-lang/crates.io-index"
dependencies = [
 "ansi_term 0.9.0 (registry+https://github.com/rust-lang/crates.io-index)",
 "atty 0.2.2 (registry+https://github.com/rust-lang/crates.io-index)",
 "bitflags 0.8.2 (registry+https://github.com/rust-lang/crates.io-index)",
 "strsim 0.6.0 (registry+https://github.com/rust-lang/crates.io-index)",
 "term_size 0.3.0 (registry+https://github.com/rust-lang/crates.io-index)",
 "unicode-segmentation 1.2.0 (registry+https://github.com/rust-lang/crates.io-index)",
 "unicode-width 0.1.4 (registry+https://github.com/rust-lang/crates.io-index)",
 "vec_map 0.8.0 (registry+https://github.com/rust-lang/crates.io-index)",
]

[[package]]
name = "curl"
version = "0.4.6"
source = "registry+https://github.com/rust-lang/crates.io-index"
dependencies = [
 "curl-sys 0.3.12 (registry+https://github.com/rust-lang/crates.io-index)",
 "libc 0.2.23 (registry+https://github.com/rust-lang/crates.io-index)",
 "openssl-probe 0.1.1 (registry+https://github.com/rust-lang/crates.io-index)",
 "openssl-sys 0.9.14 (registry+https://github.com/rust-lang/crates.io-index)",
 "winapi 0.2.8 (registry+https://github.com/rust-lang/crates.io-index)",
]

[[package]]
name = "curl-sys"
version = "0.3.12"
source = "registry+https://github.com/rust-lang/crates.io-index"
dependencies = [
 "gcc 0.3.51 (registry+https://github.com/rust-lang/crates.io-index)",
 "libc 0.2.23 (registry+https://github.com/rust-lang/crates.io-index)",
 "libz-sys 1.0.14 (registry+https://github.com/rust-lang/crates.io-index)",
 "openssl-sys 0.9.14 (registry+https://github.com/rust-lang/crates.io-index)",
 "pkg-config 0.3.9 (registry+https://github.com/rust-lang/crates.io-index)",
 "vcpkg 0.2.1 (registry+https://github.com/rust-lang/crates.io-index)",
 "winapi 0.2.8 (registry+https://github.com/rust-lang/crates.io-index)",
]

[[package]]
name = "error-chain"
version = "0.10.0"
source = "registry+https://github.com/rust-lang/crates.io-index"

[[package]]
name = "gcc"
version = "0.3.51"
source = "registry+https://github.com/rust-lang/crates.io-index"

[[package]]
name = "kernel32-sys"
version = "0.2.2"
source = "registry+https://github.com/rust-lang/crates.io-index"
dependencies = [
 "winapi 0.2.8 (registry+https://github.com/rust-lang/crates.io-index)",
 "winapi-build 0.1.1 (registry+https://github.com/rust-lang/crates.io-index)",
]

[[package]]
name = "libc"
version = "0.2.23"
source = "registry+https://github.com/rust-lang/crates.io-index"

[[package]]
name = "libz-sys"
version = "1.0.14"
source = "registry+https://github.com/rust-lang/crates.io-index"
dependencies = [
 "gcc 0.3.51 (registry+https://github.com/rust-lang/crates.io-index)",
 "libc 0.2.23 (registry+https://github.com/rust-lang/crates.io-index)",
 "pkg-config 0.3.9 (registry+https://github.com/rust-lang/crates.io-index)",
 "vcpkg 0.2.1 (registry+https://github.com/rust-lang/crates.io-index)",
]

[[package]]
name = "metadeps"
version = "1.1.2"
source = "registry+https://github.com/rust-lang/crates.io-index"
dependencies = [
 "error-chain 0.10.0 (registry+https://github.com/rust-lang/crates.io-index)",
 "pkg-config 0.3.9 (registry+https://github.com/rust-lang/crates.io-index)",
 "toml 0.2.1 (registry+https://github.com/rust-lang/crates.io-index)",
]

[[package]]
name = "openssl-probe"
version = "0.1.1"
source = "registry+https://github.com/rust-lang/crates.io-index"

[[package]]
name = "openssl-sys"
version = "0.9.13"
source = "git+https://github.com/mcgoo/rust-openssl?branch=vcpkg-next#c925ab2a62a14844da728344a703477a67ead5a4"
dependencies = [
 "gcc 0.3.51 (registry+https://github.com/rust-lang/crates.io-index)",
 "libc 0.2.23 (registry+https://github.com/rust-lang/crates.io-index)",
 "pkg-config 0.3.9 (registry+https://github.com/rust-lang/crates.io-index)",
 "vcpkg 0.2.1 (registry+https://github.com/rust-lang/crates.io-index)",
]

[[package]]
name = "openssl-sys"
version = "0.9.14"
source = "registry+https://github.com/rust-lang/crates.io-index"
dependencies = [
 "gcc 0.3.51 (registry+https://github.com/rust-lang/crates.io-index)",
 "libc 0.2.23 (registry+https://github.com/rust-lang/crates.io-index)",
 "pkg-config 0.3.9 (registry+https://github.com/rust-lang/crates.io-index)",
]

[[package]]
name = "pkg-config"
version = "0.3.9"
source = "registry+https://github.com/rust-lang/crates.io-index"

[[package]]
name = "strsim"
version = "0.6.0"
source = "registry+https://github.com/rust-lang/crates.io-index"

[[package]]
name = "systest"
version = "0.1.0"
dependencies = [
 "curl 0.4.6 (registry+https://github.com/rust-lang/crates.io-index)",
 "libz-sys 1.0.14 (registry+https://github.com/rust-lang/crates.io-index)",
 "openssl-sys 0.9.13 (git+https://github.com/mcgoo/rust-openssl?branch=vcpkg-next)",
 "zmq-sys 0.8.1 (git+https://github.com/mcgoo/rust-zmq?branch=vcpkg-next)",
]

[[package]]
name = "term_size"
version = "0.3.0"
source = "registry+https://github.com/rust-lang/crates.io-index"
dependencies = [
 "kernel32-sys 0.2.2 (registry+https://github.com/rust-lang/crates.io-index)",
 "libc 0.2.23 (registry+https://github.com/rust-lang/crates.io-index)",
 "winapi 0.2.8 (registry+https://github.com/rust-lang/crates.io-index)",
]

[[package]]
name = "toml"
version = "0.2.1"
source = "registry+https://github.com/rust-lang/crates.io-index"

[[package]]
name = "unicode-segmentation"
version = "1.2.0"
source = "registry+https://github.com/rust-lang/crates.io-index"

[[package]]
name = "unicode-width"
version = "0.1.4"
source = "registry+https://github.com/rust-lang/crates.io-index"

[[package]]
name = "vcpkg"
version = "0.2.1"
source = "registry+https://github.com/rust-lang/crates.io-index"

[[package]]
name = "vcpkg"
version = "0.2.2"

[[package]]
name = "vec_map"
version = "0.8.0"
source = "registry+https://github.com/rust-lang/crates.io-index"

[[package]]
name = "winapi"
version = "0.2.8"
source = "registry+https://github.com/rust-lang/crates.io-index"

[[package]]
name = "winapi-build"
version = "0.1.1"
source = "registry+https://github.com/rust-lang/crates.io-index"

[[package]]
name = "zmq-sys"
version = "0.8.1"
source = "git+https://github.com/mcgoo/rust-zmq?branch=vcpkg-next#e6896594d41dc016de3c100f7356000d8b697614"
dependencies = [
 "libc 0.2.23 (registry+https://github.com/rust-lang/crates.io-index)",
 "metadeps 1.1.2 (registry+https://github.com/rust-lang/crates.io-index)",
 "vcpkg 0.2.1 (registry+https://github.com/rust-lang/crates.io-index)",
]

[metadata]
"checksum ansi_term 0.9.0 (registry+https://github.com/rust-lang/crates.io-index)" = "23ac7c30002a5accbf7e8987d0632fa6de155b7c3d39d0067317a391e00a2ef6"
"checksum atty 0.2.2 (registry+https://github.com/rust-lang/crates.io-index)" = "d912da0db7fa85514874458ca3651fe2cddace8d0b0505571dbdcd41ab490159"
"checksum bitflags 0.8.2 (registry+https://github.com/rust-lang/crates.io-index)" = "1370e9fc2a6ae53aea8b7a5110edbd08836ed87c88736dfabccade1c2b44bff4"
"checksum clap 2.24.2 (registry+https://github.com/rust-lang/crates.io-index)" = "6b8f69e518f967224e628896b54e41ff6acfb4dcfefc5076325c36525dac900f"
"checksum curl 0.4.6 (registry+https://github.com/rust-lang/crates.io-index)" = "c90e1240ef340dd4027ade439e5c7c2064dd9dc652682117bd50d1486a3add7b"
"checksum curl-sys 0.3.12 (registry+https://github.com/rust-lang/crates.io-index)" = "f00c8ba847fb0730c293069b4d1203dc01bf3c2e1f90b4e55f426ed8f4a1eeac"
"checksum error-chain 0.10.0 (registry+https://github.com/rust-lang/crates.io-index)" = "d9435d864e017c3c6afeac1654189b06cdb491cf2ff73dbf0d73b0f292f42ff8"
"checksum gcc 0.3.51 (registry+https://github.com/rust-lang/crates.io-index)" = "120d07f202dcc3f72859422563522b66fe6463a4c513df062874daad05f85f0a"
"checksum kernel32-sys 0.2.2 (registry+https://github.com/rust-lang/crates.io-index)" = "7507624b29483431c0ba2d82aece8ca6cdba9382bff4ddd0f7490560c056098d"
"checksum libc 0.2.23 (registry+https://github.com/rust-lang/crates.io-index)" = "e7eb6b826bfc1fdea7935d46556250d1799b7fe2d9f7951071f4291710665e3e"
"checksum libz-sys 1.0.14 (registry+https://github.com/rust-lang/crates.io-index)" = "e70195f655a44af531ad7135b1ec2a0a82522b451fe09730fbb25674a85996e7"
"checksum metadeps 1.1.2 (registry+https://github.com/rust-lang/crates.io-index)" = "73b122901b3a675fac8cecf68dcb2f0d3036193bc861d1ac0e1c337f7d5254c2"
"checksum openssl-probe 0.1.1 (registry+https://github.com/rust-lang/crates.io-index)" = "d98df0270d404ccd3c050a41d579c52d1db15375168bb3471e04ec0f5f378daf"
"checksum openssl-sys 0.9.13 (git+https://github.com/mcgoo/rust-openssl?branch=vcpkg-next)" = "<none>"
"checksum openssl-sys 0.9.14 (registry+https://github.com/rust-lang/crates.io-index)" = "236c718c2e2c2b58a546d86ffea5194400bb15dbe01ca85325ffd357b03cf66c"
"checksum pkg-config 0.3.9 (registry+https://github.com/rust-lang/crates.io-index)" = "3a8b4c6b8165cd1a1cd4b9b120978131389f64bdaf456435caa41e630edba903"
"checksum strsim 0.6.0 (registry+https://github.com/rust-lang/crates.io-index)" = "b4d15c810519a91cf877e7e36e63fe068815c678181439f2f29e2562147c3694"
"checksum term_size 0.3.0 (registry+https://github.com/rust-lang/crates.io-index)" = "e2b6b55df3198cc93372e85dd2ed817f0e38ce8cc0f22eb32391bfad9c4bf209"
"checksum toml 0.2.1 (registry+https://github.com/rust-lang/crates.io-index)" = "736b60249cb25337bc196faa43ee12c705e426f3d55c214d73a4e7be06f92cb4"
"checksum unicode-segmentation 1.2.0 (registry+https://github.com/rust-lang/crates.io-index)" = "a8083c594e02b8ae1654ae26f0ade5158b119bd88ad0e8227a5d8fcd72407946"
"checksum unicode-width 0.1.4 (registry+https://github.com/rust-lang/crates.io-index)" = "bf3a113775714a22dcb774d8ea3655c53a32debae63a063acc00a91cc586245f"
"checksum vcpkg 0.2.1 (registry+https://github.com/rust-lang/crates.io-index)" = "4ec083fe2a55f0c710db951078348f978d4132a702d45d7e4702ed9221f5acad"
"checksum vec_map 0.8.0 (registry+https://github.com/rust-lang/crates.io-index)" = "887b5b631c2ad01628bbbaa7dd4c869f80d3186688f8d0b6f58774fbe324988c"
"checksum winapi 0.2.8 (registry+https://github.com/rust-lang/crates.io-index)" = "167dc9d6949a9b857f3451275e911c3f44255842c1f7a76f33c55103a909087a"
"checksum winapi-build 0.1.1 (registry+https://github.com/rust-lang/crates.io-index)" = "2d315eee3b34aca4797b2da6b13ed88266e6d612562a0c46390af8299fc699bc"
"checksum zmq-sys 0.8.1 (git+https://github.com/mcgoo/rust-zmq?branch=vcpkg-next)" = "<none>"
