# This file is automatically @generated by Cargo.
# It is not intended for manual editing.
[[package]]
name = "foo"
version = "0.1.0"

[[package]]
name = "vcpkg"
version = "0.2.9"
source = "registry+https://github.com/rust-lang/crates.io-index"
checksum = "55d1e41d56121e07f1e223db0a4def204e45c85425f6a16d462fd07c8d10d74c"

[[package]]
name = "wstest"
version = "0.1.0"
dependencies = [
 "foo",
 "vcpkg",
]
